{
  "nodes": {
    "darwin": {
      "inputs": {
        "nixpkgs": [
          "nixpkgs"
        ]
      },
      "locked": {
        "lastModified": 1661882940,
        "narHash": "sha256-4LaVFnV22WrOA0aolqqk9dXrM8crikcrLQt29G18F7M=",
        "owner": "lnl7",
        "repo": "nix-darwin",
        "rev": "80cec5115aae74accc4ccfb9f84306d7863f0632",
        "type": "github"
      },
      "original": {
        "owner": "lnl7",
        "ref": "master",
        "repo": "nix-darwin",
        "type": "github"
      }
    },
    "home-manager": {
      "inputs": {
        "nixpkgs": [
          "nixpkgs"
        ],
        "utils": "utils"
      },
      "locked": {
        "lastModified": 1663932797,
        "narHash": "sha256-IH8ZBW99W2k7wKLS+Sat9HiKX1TPZjFTnsPizK5crok=",
        "owner": "nix-community",
        "repo": "home-manager",
        "rev": "de3758e31a3a1bc79d569f5deb5dac39791bf9b6",
        "type": "github"
      },
      "original": {
        "owner": "nix-community",
        "repo": "home-manager",
        "type": "github"
      }
    },
    "hyprland": {
      "inputs": {
        "nixpkgs": [
          "nixpkgs"
        ],
        "wlroots": "wlroots"
      },
      "locked": {
        "lastModified": 1663953535,
        "narHash": "sha256-bGIIXSdEpkw1XWuOeJZtF4f8/EEo1HghNAQPaY+EKCg=",
        "owner": "hyprwm",
        "repo": "hyprland",
        "rev": "959557ecc35ed8708facf979f5b255b80885a50a",
        "type": "github"
      },
      "original": {
        "owner": "hyprwm",
        "repo": "hyprland",
        "type": "github"
      }
    },
    "nixpkgs": {
      "locked": {
        "lastModified": 1663850217,
        "narHash": "sha256-tp9nXo1/IdN/xN9m06ryy0QUAEfoN6K56ObM/1QTAjc=",
        "owner": "nixos",
        "repo": "nixpkgs",
        "rev": "ae1dc133ea5f1538d035af41e5ddbc2ebcb67b90",
        "type": "github"
      },
      "original": {
        "owner": "nixos",
        "ref": "nixos-unstable",
        "repo": "nixpkgs",
        "type": "github"
      }
    },
    "root": {
      "inputs": {
        "darwin": "darwin",
        "home-manager": "home-manager",
        "hyprland": "hyprland",
        "nixpkgs": "nixpkgs"
      }
    },
    "utils": {
      "locked": {
        "lastModified": 1659877975,
        "narHash": "sha256-zllb8aq3YO3h8B/U0/J1WBgAL8EX5yWf5pMj3G0NAmc=",
        "owner": "numtide",
        "repo": "flake-utils",
        "rev": "c0e246b9b83f637f4681389ecabcb2681b4f3af0",
        "type": "github"
      },
      "original": {
        "owner": "numtide",
        "repo": "flake-utils",
        "type": "github"
      }
    },
    "wlroots": {
      "flake": false,
      "locked": {
        "host": "gitlab.freedesktop.org",
        "lastModified": 1663507239,
        "narHash": "sha256-LISZtkPVe8lQ2N8YwVe+KxCkXWLP9mdw6Q2kG93wE8A=",
        "owner": "wlroots",
        "repo": "wlroots",
        "rev": "2ad25b1460400e66ea26bd6489b04072be7d9dbb",
        "type": "gitlab"
      },
      "original": {
        "host": "gitlab.freedesktop.org",
        "owner": "wlroots",
        "repo": "wlroots",
        "type": "gitlab"
      }
    }
  },
  "root": "root",
  "version": 7
}
